
Microsoft Visual Studio Solution File, Format Version 12.00
# Visual Studio Version 16
VisualStudioVersion = 16.0.30907.101
MinimumVisualStudioVersion = 10.0.40219.1
Project("{8BC9CEB8-8B4A-11D0-8D11-00A0C91BC942}") = "StudyCardApp", "StudyCardApp\StudyCardApp.vcxproj", "{CC83C060-AE73-4109-827C-30FDFF47A2F8}"
EndProject
Project("{8BC9CEB8-8B4A-11D0-8D11-00A0C91BC942}") = "Window", "Window\Window.vcxproj", "{3511649A-8D1C-48B5-B302-20194F1A335A}"
EndProject
Project("{9A19103F-16F7-4668-BE54-9A1E7A4F7556}") = "fileLib", "fileLib\fileLib.csproj", "{BF466A6B-8BC8-4AB7-8BF6-69BF9F4FDB04}"
EndProject
Project("{8BC9CEB8-8B4A-11D0-8D11-00A0C91BC942}") = "fileWrapper", "fileWrapper\fileWrapper.vcxproj", "{01136EB4-8D72-4603-AA40-34DCB89C9C80}"
EndProject
Project("{9A19103F-16F7-4668-BE54-9A1E7A4F7556}") = "TestingFile", "TestingFile\TestingFile.csproj", "{6E8B9112-CF1B-497B-A121-F45DC62574B7}"
EndProject
Project("{8BC9CEB8-8B4A-11D0-8D11-00A0C91BC942}") = "TestingInC++", "TestingInC++\TestingInC++.vcxproj", "{DE90CE01-3016-45AC-86CC-60D0AE1D0FF4}"
EndProject
Project("{8BC9CEB8-8B4A-11D0-8D11-00A0C91BC942}") = "fileManagerLib", "FileManagerLib\FileManagerLib.vcxproj", "{7901B4AA-D07F-48FE-9008-0083B8EADEE5}"
EndProject
Global
	GlobalSection(SolutionConfigurationPlatforms) = preSolution
		Debug|Any CPU = Debug|Any CPU
		Debug|x64 = Debug|x64
		Debug|x86 = Debug|x86
		Release|Any CPU = Release|Any CPU
		Release|x64 = Release|x64
		Release|x86 = Release|x86
	EndGlobalSection
	GlobalSection(ProjectConfigurationPlatforms) = postSolution
		{CC83C060-AE73-4109-827C-30FDFF47A2F8}.Debug|Any CPU.ActiveCfg = Debug|Win32
		{CC83C060-AE73-4109-827C-30FDFF47A2F8}.Debug|x64.ActiveCfg = Debug|x64
		{CC83C060-AE73-4109-827C-30FDFF47A2F8}.Debug|x64.Build.0 = Debug|x64
		{CC83C060-AE73-4109-827C-30FDFF47A2F8}.Debug|x86.ActiveCfg = Debug|Win32
		{CC83C060-AE73-4109-827C-30FDFF47A2F8}.Debug|x86.Build.0 = Debug|Win32
		{CC83C060-AE73-4109-827C-30FDFF47A2F8}.Release|Any CPU.ActiveCfg = Release|Win32
		{CC83C060-AE73-4109-827C-30FDFF47A2F8}.Release|x64.ActiveCfg = Release|x64
		{CC83C060-AE73-4109-827C-30FDFF47A2F8}.Release|x64.Build.0 = Release|x64
		{CC83C060-AE73-4109-827C-30FDFF47A2F8}.Release|x86.ActiveCfg = Release|Win32
		{CC83C060-AE73-4109-827C-30FDFF47A2F8}.Release|x86.Build.0 = Release|Win32
		{3511649A-8D1C-48B5-B302-20194F1A335A}.Debug|Any CPU.ActiveCfg = Debug|Win32
		{3511649A-8D1C-48B5-B302-20194F1A335A}.Debug|x64.ActiveCfg = Debug|x64
		{3511649A-8D1C-48B5-B302-20194F1A335A}.Debug|x64.Build.0 = Debug|x64
		{3511649A-8D1C-48B5-B302-20194F1A335A}.Debug|x86.ActiveCfg = Debug|Win32
		{3511649A-8D1C-48B5-B302-20194F1A335A}.Debug|x86.Build.0 = Debug|Win32
		{3511649A-8D1C-48B5-B302-20194F1A335A}.Release|Any CPU.ActiveCfg = Release|Win32
		{3511649A-8D1C-48B5-B302-20194F1A335A}.Release|x64.ActiveCfg = Release|x64
		{3511649A-8D1C-48B5-B302-20194F1A335A}.Release|x64.Build.0 = Release|x64
		{3511649A-8D1C-48B5-B302-20194F1A335A}.Release|x86.ActiveCfg = Release|Win32
		{3511649A-8D1C-48B5-B302-20194F1A335A}.Release|x86.Build.0 = Release|Win32
		{BF466A6B-8BC8-4AB7-8BF6-69BF9F4FDB04}.Debug|Any CPU.ActiveCfg = Debug|Any CPU
		{BF466A6B-8BC8-4AB7-8BF6-69BF9F4FDB04}.Debug|Any CPU.Build.0 = Debug|Any CPU
		{BF466A6B-8BC8-4AB7-8BF6-69BF9F4FDB04}.Debug|x64.ActiveCfg = Debug|Any CPU
		{BF466A6B-8BC8-4AB7-8BF6-69BF9F4FDB04}.Debug|x64.Build.0 = Debug|Any CPU
		{BF466A6B-8BC8-4AB7-8BF6-69BF9F4FDB04}.Debug|x86.ActiveCfg = Debug|Any CPU
		{BF466A6B-8BC8-4AB7-8BF6-69BF9F4FDB04}.Debug|x86.Build.0 = Debug|Any CPU
		{BF466A6B-8BC8-4AB7-8BF6-69BF9F4FDB04}.Release|Any CPU.ActiveCfg = Release|Any CPU
		{BF466A6B-8BC8-4AB7-8BF6-69BF9F4FDB04}.Release|Any CPU.Build.0 = Release|Any CPU
		{BF466A6B-8BC8-4AB7-8BF6-69BF9F4FDB04}.Release|x64.ActiveCfg = Release|Any CPU
		{BF466A6B-8BC8-4AB7-8BF6-69BF9F4FDB04}.Release|x64.Build.0 = Release|Any CPU
		{BF466A6B-8BC8-4AB7-8BF6-69BF9F4FDB04}.Release|x86.ActiveCfg = Release|Any CPU
		{BF466A6B-8BC8-4AB7-8BF6-69BF9F4FDB04}.Release|x86.Build.0 = Release|Any CPU
		{01136EB4-8D72-4603-AA40-34DCB89C9C80}.Debug|Any CPU.ActiveCfg = Debug|Win32
		{01136EB4-8D72-4603-AA40-34DCB89C9C80}.Debug|x64.ActiveCfg = Debug|x64
		{01136EB4-8D72-4603-AA40-34DCB89C9C80}.Debug|x64.Build.0 = Debug|x64
		{01136EB4-8D72-4603-AA40-34DCB89C9C80}.Debug|x86.ActiveCfg = Debug|Win32
		{01136EB4-8D72-4603-AA40-34DCB89C9C80}.Debug|x86.Build.0 = Debug|Win32
		{01136EB4-8D72-4603-AA40-34DCB89C9C80}.Release|Any CPU.ActiveCfg = Release|Win32
		{01136EB4-8D72-4603-AA40-34DCB89C9C80}.Release|x64.ActiveCfg = Release|x64
		{01136EB4-8D72-4603-AA40-34DCB89C9C80}.Release|x64.Build.0 = Release|x64
		{01136EB4-8D72-4603-AA40-34DCB89C9C80}.Release|x86.ActiveCfg = Release|Win32
		{01136EB4-8D72-4603-AA40-34DCB89C9C80}.Release|x86.Build.0 = Release|Win32
		{6E8B9112-CF1B-497B-A121-F45DC62574B7}.Debug|Any CPU.ActiveCfg = Debug|Any CPU
		{6E8B9112-CF1B-497B-A121-F45DC62574B7}.Debug|Any CPU.Build.0 = Debug|Any CPU
		{6E8B9112-CF1B-497B-A121-F45DC62574B7}.Debug|x64.ActiveCfg = Debug|Any CPU
		{6E8B9112-CF1B-497B-A121-F45DC62574B7}.Debug|x64.Build.0 = Debug|Any CPU
		{6E8B9112-CF1B-497B-A121-F45DC62574B7}.Debug|x86.ActiveCfg = Debug|Any CPU
		{6E8B9112-CF1B-497B-A121-F45DC62574B7}.Debug|x86.Build.0 = Debug|Any CPU
		{6E8B9112-CF1B-497B-A121-F45DC62574B7}.Release|Any CPU.ActiveCfg = Release|Any CPU
		{6E8B9112-CF1B-497B-A121-F45DC62574B7}.Release|Any CPU.Build.0 = Release|Any CPU
		{6E8B9112-CF1B-497B-A121-F45DC62574B7}.Release|x64.ActiveCfg = Release|Any CPU
		{6E8B9112-CF1B-497B-A121-F45DC62574B7}.Release|x64.Build.0 = Release|Any CPU
		{6E8B9112-CF1B-497B-A121-F45DC62574B7}.Release|x86.ActiveCfg = Release|Any CPU
		{6E8B9112-CF1B-497B-A121-F45DC62574B7}.Release|x86.Build.0 = Release|Any CPU
		{DE90CE01-3016-45AC-86CC-60D0AE1D0FF4}.Debug|Any CPU.ActiveCfg = Debug|Win32
		{DE90CE01-3016-45AC-86CC-60D0AE1D0FF4}.Debug|x64.ActiveCfg = Debug|x64
		{DE90CE01-3016-45AC-86CC-60D0AE1D0FF4}.Debug|x64.Build.0 = Debug|x64
		{DE90CE01-3016-45AC-86CC-60D0AE1D0FF4}.Debug|x86.ActiveCfg = Debug|Win32
		{DE90CE01-3016-45AC-86CC-60D0AE1D0FF4}.Debug|x86.Build.0 = Debug|Win32
		{DE90CE01-3016-45AC-86CC-60D0AE1D0FF4}.Release|Any CPU.ActiveCfg = Release|Win32
		{DE90CE01-3016-45AC-86CC-60D0AE1D0FF4}.Release|x64.ActiveCfg = Release|x64
		{DE90CE01-3016-45AC-86CC-60D0AE1D0FF4}.Release|x64.Build.0 = Release|x64
		{DE90CE01-3016-45AC-86CC-60D0AE1D0FF4}.Release|x86.ActiveCfg = Release|Win32
		{DE90CE01-3016-45AC-86CC-60D0AE1D0FF4}.Release|x86.Build.0 = Release|Win32
		{7901B4AA-D07F-48FE-9008-0083B8EADEE5}.Debug|Any CPU.ActiveCfg = Debug|Win32
		{7901B4AA-D07F-48FE-9008-0083B8EADEE5}.Debug|x64.ActiveCfg = Debug|x64
		{7901B4AA-D07F-48FE-9008-0083B8EADEE5}.Debug|x64.Build.0 = Debug|x64
		{7901B4AA-D07F-48FE-9008-0083B8EADEE5}.Debug|x86.ActiveCfg = Debug|Win32
		{7901B4AA-D07F-48FE-9008-0083B8EADEE5}.Debug|x86.Build.0 = Debug|Win32
		{7901B4AA-D07F-48FE-9008-0083B8EADEE5}.Release|Any CPU.ActiveCfg = Release|Win32
		{7901B4AA-D07F-48FE-9008-0083B8EADEE5}.Release|x64.ActiveCfg = Release|x64
		{7901B4AA-D07F-48FE-9008-0083B8EADEE5}.Release|x64.Build.0 = Release|x64
		{7901B4AA-D07F-48FE-9008-0083B8EADEE5}.Release|x86.ActiveCfg = Release|Win32
		{7901B4AA-D07F-48FE-9008-0083B8EADEE5}.Release|x86.Build.0 = Release|Win32
	EndGlobalSection
	GlobalSection(SolutionProperties) = preSolution
		HideSolutionNode = FALSE
	EndGlobalSection
	GlobalSection(ExtensibilityGlobals) = postSolution
		SolutionGuid = {F95A74DD-F007-47B3-B54A-BCAB7551A608}
	EndGlobalSection
EndGlobal
