
Microsoft Visual Studio Solution File, Format Version 12.00
# Visual Studio Version 16
VisualStudioVersion = 16.0.30907.101
MinimumVisualStudioVersion = 10.0.40219.1
Project("{8BC9CEB8-8B4A-11D0-8D11-00A0C91BC942}") = "StudyCardApp", "StudyCardApp\StudyCardApp.vcxproj", "{2105F6A6-B278-40B6-B029-6BEB7AF21255}"
EndProject
Project("{8BC9CEB8-8B4A-11D0-8D11-00A0C91BC942}") = "windowLib", "windowLib\windowLib.vcxproj", "{F650E80A-8480-469A-AEE4-8B0EF6A0C2D5}"
EndProject
Project("{8BC9CEB8-8B4A-11D0-8D11-00A0C91BC942}") = "clrWrapper", "clrWrapper\clrWrapper.vcxproj", "{8026C438-4423-40F7-A3AE-1329B6B3E36F}"
EndProject
Project("{FAE04EC0-301F-11D3-BF4B-00C04F79EFBC}") = "logicLib", "logicLib\logicLib.csproj", "{A197FF92-F501-4450-A141-125D977833DB}"
EndProject
Global
	GlobalSection(SolutionConfigurationPlatforms) = preSolution
		Debug|Any CPU = Debug|Any CPU
		Debug|x64 = Debug|x64
		Debug|x86 = Debug|x86
		Release|Any CPU = Release|Any CPU
		Release|x64 = Release|x64
		Release|x86 = Release|x86
	EndGlobalSection
	GlobalSection(ProjectConfigurationPlatforms) = postSolution
		{2105F6A6-B278-40B6-B029-6BEB7AF21255}.Debug|Any CPU.ActiveCfg = Debug|Win32
		{2105F6A6-B278-40B6-B029-6BEB7AF21255}.Debug|x64.ActiveCfg = Debug|x64
		{2105F6A6-B278-40B6-B029-6BEB7AF21255}.Debug|x64.Build.0 = Debug|x64
		{2105F6A6-B278-40B6-B029-6BEB7AF21255}.Debug|x86.ActiveCfg = Debug|Win32
		{2105F6A6-B278-40B6-B029-6BEB7AF21255}.Debug|x86.Build.0 = Debug|Win32
		{2105F6A6-B278-40B6-B029-6BEB7AF21255}.Release|Any CPU.ActiveCfg = Release|Win32
		{2105F6A6-B278-40B6-B029-6BEB7AF21255}.Release|x64.ActiveCfg = Release|x64
		{2105F6A6-B278-40B6-B029-6BEB7AF21255}.Release|x64.Build.0 = Release|x64
		{2105F6A6-B278-40B6-B029-6BEB7AF21255}.Release|x86.ActiveCfg = Release|Win32
		{2105F6A6-B278-40B6-B029-6BEB7AF21255}.Release|x86.Build.0 = Release|Win32
		{F650E80A-8480-469A-AEE4-8B0EF6A0C2D5}.Debug|Any CPU.ActiveCfg = Debug|Win32
		{F650E80A-8480-469A-AEE4-8B0EF6A0C2D5}.Debug|x64.ActiveCfg = Debug|x64
		{F650E80A-8480-469A-AEE4-8B0EF6A0C2D5}.Debug|x64.Build.0 = Debug|x64
		{F650E80A-8480-469A-AEE4-8B0EF6A0C2D5}.Debug|x86.ActiveCfg = Debug|Win32
		{F650E80A-8480-469A-AEE4-8B0EF6A0C2D5}.Debug|x86.Build.0 = Debug|Win32
		{F650E80A-8480-469A-AEE4-8B0EF6A0C2D5}.Release|Any CPU.ActiveCfg = Release|Win32
		{F650E80A-8480-469A-AEE4-8B0EF6A0C2D5}.Release|x64.ActiveCfg = Release|x64
		{F650E80A-8480-469A-AEE4-8B0EF6A0C2D5}.Release|x64.Build.0 = Release|x64
		{F650E80A-8480-469A-AEE4-8B0EF6A0C2D5}.Release|x86.ActiveCfg = Release|Win32
		{F650E80A-8480-469A-AEE4-8B0EF6A0C2D5}.Release|x86.Build.0 = Release|Win32
		{8026C438-4423-40F7-A3AE-1329B6B3E36F}.Debug|Any CPU.ActiveCfg = Debug|Win32
		{8026C438-4423-40F7-A3AE-1329B6B3E36F}.Debug|x64.ActiveCfg = Debug|x64
		{8026C438-4423-40F7-A3AE-1329B6B3E36F}.Debug|x64.Build.0 = Debug|x64
		{8026C438-4423-40F7-A3AE-1329B6B3E36F}.Debug|x86.ActiveCfg = Debug|Win32
		{8026C438-4423-40F7-A3AE-1329B6B3E36F}.Debug|x86.Build.0 = Debug|Win32
		{8026C438-4423-40F7-A3AE-1329B6B3E36F}.Release|Any CPU.ActiveCfg = Release|Win32
		{8026C438-4423-40F7-A3AE-1329B6B3E36F}.Release|x64.ActiveCfg = Release|x64
		{8026C438-4423-40F7-A3AE-1329B6B3E36F}.Release|x64.Build.0 = Release|x64
		{8026C438-4423-40F7-A3AE-1329B6B3E36F}.Release|x86.ActiveCfg = Release|Win32
		{8026C438-4423-40F7-A3AE-1329B6B3E36F}.Release|x86.Build.0 = Release|Win32
		{A197FF92-F501-4450-A141-125D977833DB}.Debug|Any CPU.ActiveCfg = Debug|Any CPU
		{A197FF92-F501-4450-A141-125D977833DB}.Debug|Any CPU.Build.0 = Debug|Any CPU
		{A197FF92-F501-4450-A141-125D977833DB}.Debug|x64.ActiveCfg = Debug|Any CPU
		{A197FF92-F501-4450-A141-125D977833DB}.Debug|x64.Build.0 = Debug|Any CPU
		{A197FF92-F501-4450-A141-125D977833DB}.Debug|x86.ActiveCfg = Debug|Any CPU
		{A197FF92-F501-4450-A141-125D977833DB}.Debug|x86.Build.0 = Debug|Any CPU
		{A197FF92-F501-4450-A141-125D977833DB}.Release|Any CPU.ActiveCfg = Release|Any CPU
		{A197FF92-F501-4450-A141-125D977833DB}.Release|Any CPU.Build.0 = Release|Any CPU
		{A197FF92-F501-4450-A141-125D977833DB}.Release|x64.ActiveCfg = Release|Any CPU
		{A197FF92-F501-4450-A141-125D977833DB}.Release|x64.Build.0 = Release|Any CPU
		{A197FF92-F501-4450-A141-125D977833DB}.Release|x86.ActiveCfg = Release|Any CPU
		{A197FF92-F501-4450-A141-125D977833DB}.Release|x86.Build.0 = Release|Any CPU
	EndGlobalSection
	GlobalSection(SolutionProperties) = preSolution
		HideSolutionNode = FALSE
	EndGlobalSection
	GlobalSection(ExtensibilityGlobals) = postSolution
		SolutionGuid = {EB4640C7-B6A0-48DA-82BD-D3B152CB66B2}
	EndGlobalSection
EndGlobal
